
Microsoft Visual Studio Solution File, Format Version 12.00
# Visual Studio Version 17
VisualStudioVersion = 17.1.32328.378
MinimumVisualStudioVersion = 10.0.40219.1
Project("{FAE04EC0-301F-11D3-BF4B-00C04F79EFBC}") = "OOPPT1", "OOPPT1.csproj", "{8622CB40-BB89-4555-B4C7-631C04887C13}"
EndProject
Global
	GlobalSection(SolutionConfigurationPlatforms) = preSolution
		Debug|Any CPU = Debug|Any CPU
		Release|Any CPU = Release|Any CPU
	EndGlobalSection
	GlobalSection(ProjectConfigurationPlatforms) = postSolution
		{8622CB40-BB89-4555-B4C7-631C04887C13}.Debug|Any CPU.ActiveCfg = Debug|Any CPU
		{8622CB40-BB89-4555-B4C7-631C04887C13}.Debug|Any CPU.Build.0 = Debug|Any CPU
		{8622CB40-BB89-4555-B4C7-631C04887C13}.Release|Any CPU.ActiveCfg = Release|Any CPU
		{8622CB40-BB89-4555-B4C7-631C04887C13}.Release|Any CPU.Build.0 = Release|Any CPU
	EndGlobalSection
	GlobalSection(SolutionProperties) = preSolution
		HideSolutionNode = FALSE
	EndGlobalSection
	GlobalSection(ExtensibilityGlobals) = postSolution
		SolutionGuid = {906E3FBB-130F-4CCE-9953-3F00037A4747}
	EndGlobalSection
EndGlobal
